// !$*UTF8*$!
{
	archiveVersion = 1;
	classes = {
	};
	objectVersion = 50;
	objects = {

/* Begin PBXBuildFile section */
		11A05729261E007900256EC9 /* RGBMatcherApp.swift in Sources */ = {isa = PBXBuildFile; fileRef = 11A05728261E007900256EC9 /* RGBMatcherApp.swift */; };
		11A0572B261E007900256EC9 /* ContentView.swift in Sources */ = {isa = PBXBuildFile; fileRef = 11A0572A261E007900256EC9 /* ContentView.swift */; };
		11A0572D261E007B00256EC9 /* Assets.xcassets in Resources */ = {isa = PBXBuildFile; fileRef = 11A0572C261E007B00256EC9 /* Assets.xcassets */; };
		11A05730261E007B00256EC9 /* Preview Assets.xcassets in Resources */ = {isa = PBXBuildFile; fileRef = 11A0572F261E007B00256EC9 /* Preview Assets.xcassets */; };
		11A0573C261E03CD00256EC9 /* Game.swift in Sources */ = {isa = PBXBuildFile; fileRef = 11A05739261E03CD00256EC9 /* Game.swift */; };
		11A0573D261E03CD00256EC9 /* RGB.swift in Sources */ = {isa = PBXBuildFile; fileRef = 11A0573A261E03CD00256EC9 /* RGB.swift */; };
		11A0573E261E03CD00256EC9 /* ColorExtension.swift in Sources */ = {isa = PBXBuildFile; fileRef = 11A0573B261E03CD00256EC9 /* ColorExtension.swift */; };
/* End PBXBuildFile section */

/* Begin PBXFileReference section */
		11A05725261E007900256EC9 /* RGBMatcher.app */ = {isa = PBXFileReference; explicitFileType = wrapper.application; includeInIndex = 0; path = RGBMatcher.app; sourceTree = BUILT_PRODUCTS_DIR; };
		11A05728261E007900256EC9 /* RGBMatcherApp.swift */ = {isa = PBXFileReference; lastKnownFileType = sourcecode.swift; path = RGBMatcherApp.swift; sourceTree = "<group>"; };
		11A0572A261E007900256EC9 /* ContentView.swift */ = {isa = PBXFileReference; lastKnownFileType = sourcecode.swift; path = ContentView.swift; sourceTree = "<group>"; };
		11A0572C261E007B00256EC9 /* Assets.xcassets */ = {isa = PBXFileReference; lastKnownFileType = folder.assetcatalog; path = Assets.xcassets; sourceTree = "<group>"; };
		11A0572F261E007B00256EC9 /* Preview Assets.xcassets */ = {isa = PBXFileReference; lastKnownFileType = folder.assetcatalog; path = "Preview Assets.xcassets"; sourceTree = "<group>"; };
		11A05731261E007B00256EC9 /* Info.plist */ = {isa = PBXFileReference; lastKnownFileType = text.plist.xml; path = Info.plist; sourceTree = "<group>"; };
		11A05739261E03CD00256EC9 /* Game.swift */ = {isa = PBXFileReference; fileEncoding = 4; lastKnownFileType = sourcecode.swift; path = Game.swift; sourceTree = "<group>"; };
		11A0573A261E03CD00256EC9 /* RGB.swift */ = {isa = PBXFileReference; fileEncoding = 4; lastKnownFileType = sourcecode.swift; path = RGB.swift; sourceTree = "<group>"; };
		11A0573B261E03CD00256EC9 /* ColorExtension.swift */ = {isa = PBXFileReference; fileEncoding = 4; lastKnownFileType = sourcecode.swift; path = ColorExtension.swift; sourceTree = "<group>"; };
/* End PBXFileReference section */

/* Begin PBXFrameworksBuildPhase section */
		11A05722261E007900256EC9 /* Frameworks */ = {
			isa = PBXFrameworksBuildPhase;
			buildActionMask = 2147483647;
			files = (
			);
			runOnlyForDeploymentPostprocessing = 0;
		};
/* End PBXFrameworksBuildPhase section */

/* Begin PBXGroup section */
		11A0571C261E007900256EC9 = {
			isa = PBXGroup;
			children = (
				11A05727261E007900256EC9 /* RGBMatcher */,
				11A05726261E007900256EC9 /* Products */,
			);
			sourceTree = "<group>";
		};
		11A05726261E007900256EC9 /* Products */ = {
			isa = PBXGroup;
			children = (
				11A05725261E007900256EC9 /* RGBMatcher.app */,
			);
			name = Products;
			sourceTree = "<group>";
		};
		11A05727261E007900256EC9 /* RGBMatcher */ = {
			isa = PBXGroup;
			children = (
				11A05738261E03CD00256EC9 /* Model */,
				11A05728261E007900256EC9 /* RGBMatcherApp.swift */,
				11A0572A261E007900256EC9 /* ContentView.swift */,
				11A0572C261E007B00256EC9 /* Assets.xcassets */,
				11A05731261E007B00256EC9 /* Info.plist */,
				11A0572E261E007B00256EC9 /* Preview Content */,
			);
			path = RGBMatcher;
			sourceTree = "<group>";
		};
		11A0572E261E007B00256EC9 /* Preview Content */ = {
			isa = PBXGroup;
			children = (
				11A0572F261E007B00256EC9 /* Preview Assets.xcassets */,
			);
			path = "Preview Content";
			sourceTree = "<group>";
		};
		11A05738261E03CD00256EC9 /* Model */ = {
			isa = PBXGroup;
			children = (
				11A05739261E03CD00256EC9 /* Game.swift */,
				11A0573A261E03CD00256EC9 /* RGB.swift */,
				11A0573B261E03CD00256EC9 /* ColorExtension.swift */,
			);
			path = Model;
			sourceTree = "<group>";
		};
/* End PBXGroup section */

/* Begin PBXNativeTarget section */
		11A05724261E007900256EC9 /* RGBMatcher */ = {
			isa = PBXNativeTarget;
			buildConfigurationList = 11A05734261E007B00256EC9 /* Build configuration list for PBXNativeTarget "RGBMatcher" */;
			buildPhases = (
				11A05721261E007900256EC9 /* Sources */,
				11A05722261E007900256EC9 /* Frameworks */,
				11A05723261E007900256EC9 /* Resources */,
			);
			buildRules = (
			);
			dependencies = (
			);
			name = RGBMatcher;
			productName = RGBMatcher;
			productReference = 11A05725261E007900256EC9 /* RGBMatcher.app */;
			productType = "com.apple.product-type.application";
		};
/* End PBXNativeTarget section */

/* Begin PBXProject section */
		11A0571D261E007900256EC9 /* Project object */ = {
			isa = PBXProject;
			attributes = {
				LastSwiftUpdateCheck = 1230;
				LastUpgradeCheck = 1230;
				TargetAttributes = {
					11A05724261E007900256EC9 = {
						CreatedOnToolsVersion = 12.3;
					};
				};
			};
			buildConfigurationList = 11A05720261E007900256EC9 /* Build configuration list for PBXProject "RGBMatcher" */;
			compatibilityVersion = "Xcode 9.3";
			developmentRegion = en;
			hasScannedForEncodings = 0;
			knownRegions = (
				en,
				Base,
			);
			mainGroup = 11A0571C261E007900256EC9;
			productRefGroup = 11A05726261E007900256EC9 /* Products */;
			projectDirPath = "";
			projectRoot = "";
			targets = (
				11A05724261E007900256EC9 /* RGBMatcher */,
			);
		};
/* End PBXProject section */

/* Begin PBXResourcesBuildPhase section */
		11A05723261E007900256EC9 /* Resources */ = {
			isa = PBXResourcesBuildPhase;
			buildActionMask = 2147483647;
			files = (
				11A05730261E007B00256EC9 /* Preview Assets.xcassets in Resources */,
				11A0572D261E007B00256EC9 /* Assets.xcassets in Resources */,
			);
			runOnlyForDeploymentPostprocessing = 0;
		};
/* End PBXResourcesBuildPhase section */

/* Begin PBXSourcesBuildPhase section */
		11A05721261E007900256EC9 /* Sources */ = {
			isa = PBXSourcesBuildPhase;
			buildActionMask = 2147483647;
			files = (
				11A0572B261E007900256EC9 /* ContentView.swift in Sources */,
				11A0573C261E03CD00256EC9 /* Game.swift in Sources */,
				11A05729261E007900256EC9 /* RGBMatcherApp.swift in Sources */,
				11A0573D261E03CD00256EC9 /* RGB.swift in Sources */,
				11A0573E261E03CD00256EC9 /* ColorExtension.swift in Sources */,
			);
			runOnlyForDeploymentPostprocessing = 0;
		};
/* End PBXSourcesBuildPhase section */

/* Begin XCBuildConfiguration section */
		11A05732261E007B00256EC9 /* Debug */ = {
			isa = XCBuildConfiguration;
			buildSettings = {
				ALWAYS_SEARCH_USER_PATHS = NO;
				CLANG_ANALYZER_NONNULL = YES;
				CLANG_ANALYZER_NUMBER_OBJECT_CONVERSION = YES_AGGRESSIVE;
				CLANG_CXX_LANGUAGE_STANDARD = "gnu++14";
				CLANG_CXX_LIBRARY = "libc++";
				CLANG_ENABLE_MODULES = YES;
				CLANG_ENABLE_OBJC_ARC = YES;
				CLANG_ENABLE_OBJC_WEAK = YES;
				CLANG_WARN_BLOCK_CAPTURE_AUTORELEASING = YES;
				CLANG_WARN_BOOL_CONVERSION = YES;
				CLANG_WARN_COMMA = YES;
				CLANG_WARN_CONSTANT_CONVERSION = YES;
				CLANG_WARN_DEPRECATED_OBJC_IMPLEMENTATIONS = YES;
				CLANG_WARN_DIRECT_OBJC_ISA_USAGE = YES_ERROR;
				CLANG_WARN_DOCUMENTATION_COMMENTS = YES;
				CLANG_WARN_EMPTY_BODY = YES;
				CLANG_WARN_ENUM_CONVERSION = YES;
				CLANG_WARN_INFINITE_RECURSION = YES;
				CLANG_WARN_INT_CONVERSION = YES;
				CLANG_WARN_NON_LITERAL_NULL_CONVERSION = YES;
				CLANG_WARN_OBJC_IMPLICIT_RETAIN_SELF = YES;
				CLANG_WARN_OBJC_LITERAL_CONVERSION = YES;
				CLANG_WARN_OBJC_ROOT_CLASS = YES_ERROR;
				CLANG_WARN_QUOTED_INCLUDE_IN_FRAMEWORK_HEADER = YES;
				CLANG_WARN_RANGE_LOOP_ANALYSIS = YES;
				CLANG_WARN_STRICT_PROTOTYPES = YES;
				CLANG_WARN_SUSPICIOUS_MOVE = YES;
				CLANG_WARN_UNGUARDED_AVAILABILITY = YES_AGGRESSIVE;
				CLANG_WARN_UNREACHABLE_CODE = YES;
				CLANG_WARN__DUPLICATE_METHOD_MATCH = YES;
				COPY_PHASE_STRIP = NO;
				DEBUG_INFORMATION_FORMAT = dwarf;
				ENABLE_STRICT_OBJC_MSGSEND = YES;
				ENABLE_TESTABILITY = YES;
				GCC_C_LANGUAGE_STANDARD = gnu11;
				GCC_DYNAMIC_NO_PIC = NO;
				GCC_NO_COMMON_BLOCKS = YES;
				GCC_OPTIMIZATION_LEVEL = 0;
				GCC_PREPROCESSOR_DEFINITIONS = (
					"DEBUG=1",
					"$(inherited)",
				);
				GCC_WARN_64_TO_32_BIT_CONVERSION = YES;
				GCC_WARN_ABOUT_RETURN_TYPE = YES_ERROR;
				GCC_WARN_UNDECLARED_SELECTOR = YES;
				GCC_WARN_UNINITIALIZED_AUTOS = YES_AGGRESSIVE;
				GCC_WARN_UNUSED_FUNCTION = YES;
				GCC_WARN_UNUSED_VARIABLE = YES;
				IPHONEOS_DEPLOYMENT_TARGET = 14.3;
				MTL_ENABLE_DEBUG_INFO = INCLUDE_SOURCE;
				MTL_FAST_MATH = YES;
				ONLY_ACTIVE_ARCH = YES;
				SDKROOT = iphoneos;
				SWIFT_ACTIVE_COMPILATION_CONDITIONS = DEBUG;
				SWIFT_OPTIMIZATION_LEVEL = "-Onone";
			};
			name = Debug;
		};
		11A05733261E007B00256EC9 /* Release */ = {
			isa = XCBuildConfiguration;
			buildSettings = {
				ALWAYS_SEARCH_USER_PATHS = NO;
				CLANG_ANALYZER_NONNULL = YES;
				CLANG_ANALYZER_NUMBER_OBJECT_CONVERSION = YES_AGGRESSIVE;
				CLANG_CXX_LANGUAGE_STANDARD = "gnu++14";
				CLANG_CXX_LIBRARY = "libc++";
				CLANG_ENABLE_MODULES = YES;
				CLANG_ENABLE_OBJC_ARC = YES;
				CLANG_ENABLE_OBJC_WEAK = YES;
				CLANG_WARN_BLOCK_CAPTURE_AUTORELEASING = YES;
				CLANG_WARN_BOOL_CONVERSION = YES;
				CLANG_WARN_COMMA = YES;
				CLANG_WARN_CONSTANT_CONVERSION = YES;
				CLANG_WARN_DEPRECATED_OBJC_IMPLEMENTATIONS = YES;
				CLANG_WARN_DIRECT_OBJC_ISA_USAGE = YES_ERROR;
				CLANG_WARN_DOCUMENTATION_COMMENTS = YES;
				CLANG_WARN_EMPTY_BODY = YES;
				CLANG_WARN_ENUM_CONVERSION = YES;
				CLANG_WARN_INFINITE_RECURSION = YES;
				CLANG_WARN_INT_CONVERSION = YES;
				CLANG_WARN_NON_LITERAL_NULL_CONVERSION = YES;
				CLANG_WARN_OBJC_IMPLICIT_RETAIN_SELF = YES;
				CLANG_WARN_OBJC_LITERAL_CONVERSION = YES;
				CLANG_WARN_OBJC_ROOT_CLASS = YES_ERROR;
				CLANG_WARN_QUOTED_INCLUDE_IN_FRAMEWORK_HEADER = YES;
				CLANG_WARN_RANGE_LOOP_ANALYSIS = YES;
				CLANG_WARN_STRICT_PROTOTYPES = YES;
				CLANG_WARN_SUSPICIOUS_MOVE = YES;
				CLANG_WARN_UNGUARDED_AVAILABILITY = YES_AGGRESSIVE;
				CLANG_WARN_UNREACHABLE_CODE = YES;
				CLANG_WARN__DUPLICATE_METHOD_MATCH = YES;
				COPY_PHASE_STRIP = NO;
				DEBUG_INFORMATION_FORMAT = "dwarf-with-dsym";
				ENABLE_NS_ASSERTIONS = NO;
				ENABLE_STRICT_OBJC_MSGSEND = YES;
				GCC_C_LANGUAGE_STANDARD = gnu11;
				GCC_NO_COMMON_BLOCKS = YES;
				GCC_WARN_64_TO_32_BIT_CONVERSION = YES;
				GCC_WARN_ABOUT_RETURN_TYPE = YES_ERROR;
				GCC_WARN_UNDECLARED_SELECTOR = YES;
				GCC_WARN_UNINITIALIZED_AUTOS = YES_AGGRESSIVE;
				GCC_WARN_UNUSED_FUNCTION = YES;
				GCC_WARN_UNUSED_VARIABLE = YES;
				IPHONEOS_DEPLOYMENT_TARGET = 14.3;
				MTL_ENABLE_DEBUG_INFO = NO;
				MTL_FAST_MATH = YES;
				SDKROOT = iphoneos;
				SWIFT_COMPILATION_MODE = wholemodule;
				SWIFT_OPTIMIZATION_LEVEL = "-O";
				VALIDATE_PRODUCT = YES;
			};
			name = Release;
		};
		11A05735261E007B00256EC9 /* Debug */ = {
			isa = XCBuildConfiguration;
			buildSettings = {
				ASSETCATALOG_COMPILER_APPICON_NAME = AppIcon;
				ASSETCATALOG_COMPILER_GLOBAL_ACCENT_COLOR_NAME = AccentColor;
				CODE_SIGN_STYLE = Automatic;
				DEVELOPMENT_ASSET_PATHS = "\"RGBMatcher/Preview Content\"";
				DEVELOPMENT_TEAM = A3J488KW82;
				ENABLE_PREVIEWS = YES;
				INFOPLIST_FILE = RGBMatcher/Info.plist;
				IPHONEOS_DEPLOYMENT_TARGET = 14.0;
				LD_RUNPATH_SEARCH_PATHS = (
					"$(inherited)",
					"@executable_path/Frameworks",
				);
				PRODUCT_BUNDLE_IDENTIFIER = dev.giovannibruno.RGBMatcher;
				PRODUCT_NAME = "$(TARGET_NAME)";
				SWIFT_VERSION = 5.0;
				TARGETED_DEVICE_FAMILY = "1,2";
			};
			name = Debug;
		};
		11A05736261E007B00256EC9 /* Release */ = {
			isa = XCBuildConfiguration;
			buildSettings = {
				ASSETCATALOG_COMPILER_APPICON_NAME = AppIcon;
				ASSETCATALOG_COMPILER_GLOBAL_ACCENT_COLOR_NAME = AccentColor;
				CODE_SIGN_STYLE = Automatic;
				DEVELOPMENT_ASSET_PATHS = "\"RGBMatcher/Preview Content\"";
				DEVELOPMENT_TEAM = A3J488KW82;
				ENABLE_PREVIEWS = YES;
				INFOPLIST_FILE = RGBMatcher/Info.plist;
				IPHONEOS_DEPLOYMENT_TARGET = 14.0;
				LD_RUNPATH_SEARCH_PATHS = (
					"$(inherited)",
					"@executable_path/Frameworks",
				);
				PRODUCT_BUNDLE_IDENTIFIER = dev.giovannibruno.RGBMatcher;
				PRODUCT_NAME = "$(TARGET_NAME)";
				SWIFT_VERSION = 5.0;
				TARGETED_DEVICE_FAMILY = "1,2";
			};
			name = Release;
		};
/* End XCBuildConfiguration section */

/* Begin XCConfigurationList section */
		11A05720261E007900256EC9 /* Build configuration list for PBXProject "RGBMatcher" */ = {
			isa = XCConfigurationList;
			buildConfigurations = (
				11A05732261E007B00256EC9 /* Debug */,
				11A05733261E007B00256EC9 /* Release */,
			);
			defaultConfigurationIsVisible = 0;
			defaultConfigurationName = Release;
		};
		11A05734261E007B00256EC9 /* Build configuration list for PBXNativeTarget "RGBMatcher" */ = {
			isa = XCConfigurationList;
			buildConfigurations = (
				11A05735261E007B00256EC9 /* Debug */,
				11A05736261E007B00256EC9 /* Release */,
			);
			defaultConfigurationIsVisible = 0;
			defaultConfigurationName = Release;
		};
/* End XCConfigurationList section */
	};
	rootObject = 11A0571D261E007900256EC9 /* Project object */;
}
